
Microsoft Visual Studio Solution File, Format Version 12.00
# Visual Studio Version 17
VisualStudioVersion = 17.4.33205.214
MinimumVisualStudioVersion = 10.0.40219.1
Project("{9A19103F-16F7-4668-BE54-9A1E7A4F7556}") = "CartapilarControllingSystem", "CartapilarControllingSystem.csproj", "{08C2B77D-501B-45CD-919C-FEFFD5281AE5}"
EndProject
Project("{FAE04EC0-301F-11D3-BF4B-00C04F79EFBC}") = "CaterpillarControllingTests", "..\CaterpillarControllingTests\CaterpillarControllingTests.csproj", "{963743AB-43E6-493C-B485-1211C935D86D}"
EndProject
Global
	GlobalSection(SolutionConfigurationPlatforms) = preSolution
		Debug|Any CPU = Debug|Any CPU
		Release|Any CPU = Release|Any CPU
	EndGlobalSection
	GlobalSection(ProjectConfigurationPlatforms) = postSolution
		{08C2B77D-501B-45CD-919C-FEFFD5281AE5}.Debug|Any CPU.ActiveCfg = Debug|Any CPU
		{08C2B77D-501B-45CD-919C-FEFFD5281AE5}.Debug|Any CPU.Build.0 = Debug|Any CPU
		{08C2B77D-501B-45CD-919C-FEFFD5281AE5}.Release|Any CPU.ActiveCfg = Release|Any CPU
		{08C2B77D-501B-45CD-919C-FEFFD5281AE5}.Release|Any CPU.Build.0 = Release|Any CPU
		{963743AB-43E6-493C-B485-1211C935D86D}.Debug|Any CPU.ActiveCfg = Debug|Any CPU
		{963743AB-43E6-493C-B485-1211C935D86D}.Debug|Any CPU.Build.0 = Debug|Any CPU
		{963743AB-43E6-493C-B485-1211C935D86D}.Release|Any CPU.ActiveCfg = Release|Any CPU
		{963743AB-43E6-493C-B485-1211C935D86D}.Release|Any CPU.Build.0 = Release|Any CPU
	EndGlobalSection
	GlobalSection(SolutionProperties) = preSolution
		HideSolutionNode = FALSE
	EndGlobalSection
	GlobalSection(ExtensibilityGlobals) = postSolution
		SolutionGuid = {30078ABD-E5DB-45AB-AB13-1771C2F3CF2E}
	EndGlobalSection
EndGlobal
